
Microsoft Visual Studio Solution File, Format Version 12.00
# Visual Studio Version 16
VisualStudioVersion = 16.0.31129.286
MinimumVisualStudioVersion = 10.0.40219.1
Project("{FAE04EC0-301F-11D3-BF4B-00C04F79EFBC}") = "ArriendoDeAutos", "ArriendoDeAutos\ArriendoDeAutos.csproj", "{D0EBED79-C847-4AF4-8999-81C08448361B}"
EndProject
Global
	GlobalSection(SolutionConfigurationPlatforms) = preSolution
		Debug|Any CPU = Debug|Any CPU
		Release|Any CPU = Release|Any CPU
	EndGlobalSection
	GlobalSection(ProjectConfigurationPlatforms) = postSolution
		{D0EBED79-C847-4AF4-8999-81C08448361B}.Debug|Any CPU.ActiveCfg = Debug|Any CPU
		{D0EBED79-C847-4AF4-8999-81C08448361B}.Debug|Any CPU.Build.0 = Debug|Any CPU
		{D0EBED79-C847-4AF4-8999-81C08448361B}.Release|Any CPU.ActiveCfg = Release|Any CPU
		{D0EBED79-C847-4AF4-8999-81C08448361B}.Release|Any CPU.Build.0 = Release|Any CPU
	EndGlobalSection
	GlobalSection(SolutionProperties) = preSolution
		HideSolutionNode = FALSE
	EndGlobalSection
	GlobalSection(ExtensibilityGlobals) = postSolution
		SolutionGuid = {B8AE1537-13AA-49C7-9F97-A46AEDF51FF7}
	EndGlobalSection
EndGlobal
